// !$*UTF8*$!
{
	archiveVersion = 1;
	classes = {
	};
	objectVersion = 55;
	objects = {

/* Begin PBXBuildFile section */
		547996112880D0A60052565E /* AppDelegate.swift in Sources */ = {isa = PBXBuildFile; fileRef = 547996102880D0A60052565E /* AppDelegate.swift */; };
		547996132880D0A60052565E /* SceneDelegate.swift in Sources */ = {isa = PBXBuildFile; fileRef = 547996122880D0A60052565E /* SceneDelegate.swift */; };
		547996182880D0A60052565E /* Main.storyboard in Resources */ = {isa = PBXBuildFile; fileRef = 547996162880D0A60052565E /* Main.storyboard */; };
		5479961B2880D0A60052565E /* EventManager.xcdatamodeld in Sources */ = {isa = PBXBuildFile; fileRef = 547996192880D0A60052565E /* EventManager.xcdatamodeld */; };
		5479961D2880D0A80052565E /* Assets.xcassets in Resources */ = {isa = PBXBuildFile; fileRef = 5479961C2880D0A80052565E /* Assets.xcassets */; };
		547996202880D0A80052565E /* LaunchScreen.storyboard in Resources */ = {isa = PBXBuildFile; fileRef = 5479961E2880D0A80052565E /* LaunchScreen.storyboard */; };
		5479962B2881062D0052565E /* EventListViewController.swift in Sources */ = {isa = PBXBuildFile; fileRef = 5479962A2881062D0052565E /* EventListViewController.swift */; };
		5479962D288106440052565E /* EventDetailViewController.swift in Sources */ = {isa = PBXBuildFile; fileRef = 5479962C288106440052565E /* EventDetailViewController.swift */; };
		5479962F288108540052565E /* EventTableViewCell.swift in Sources */ = {isa = PBXBuildFile; fileRef = 5479962E288108540052565E /* EventTableViewCell.swift */; };
		5479963228810C180052565E /* EventController.swift in Sources */ = {isa = PBXBuildFile; fileRef = 5479963128810C180052565E /* EventController.swift */; };
		547996342881E77E0052565E /* CoreDataStack.swift in Sources */ = {isa = PBXBuildFile; fileRef = 547996332881E77E0052565E /* CoreDataStack.swift */; };
		547996372881E9EF0052565E /* Event + Convenience.swift in Sources */ = {isa = PBXBuildFile; fileRef = 547996362881E9EF0052565E /* Event + Convenience.swift */; };
/* End PBXBuildFile section */

/* Begin PBXFileReference section */
		5479960D2880D0A60052565E /* EventManager.app */ = {isa = PBXFileReference; explicitFileType = wrapper.application; includeInIndex = 0; path = EventManager.app; sourceTree = BUILT_PRODUCTS_DIR; };
		547996102880D0A60052565E /* AppDelegate.swift */ = {isa = PBXFileReference; lastKnownFileType = sourcecode.swift; path = AppDelegate.swift; sourceTree = "<group>"; };
		547996122880D0A60052565E /* SceneDelegate.swift */ = {isa = PBXFileReference; lastKnownFileType = sourcecode.swift; path = SceneDelegate.swift; sourceTree = "<group>"; };
		547996172880D0A60052565E /* Base */ = {isa = PBXFileReference; lastKnownFileType = file.storyboard; name = Base; path = Base.lproj/Main.storyboard; sourceTree = "<group>"; };
		5479961A2880D0A60052565E /* EventManager.xcdatamodel */ = {isa = PBXFileReference; lastKnownFileType = wrapper.xcdatamodel; path = EventManager.xcdatamodel; sourceTree = "<group>"; };
		5479961C2880D0A80052565E /* Assets.xcassets */ = {isa = PBXFileReference; lastKnownFileType = folder.assetcatalog; path = Assets.xcassets; sourceTree = "<group>"; };
		5479961F2880D0A80052565E /* Base */ = {isa = PBXFileReference; lastKnownFileType = file.storyboard; name = Base; path = Base.lproj/LaunchScreen.storyboard; sourceTree = "<group>"; };
		547996212880D0A80052565E /* Info.plist */ = {isa = PBXFileReference; lastKnownFileType = text.plist.xml; path = Info.plist; sourceTree = "<group>"; };
		5479962A2881062D0052565E /* EventListViewController.swift */ = {isa = PBXFileReference; lastKnownFileType = sourcecode.swift; path = EventListViewController.swift; sourceTree = "<group>"; };
		5479962C288106440052565E /* EventDetailViewController.swift */ = {isa = PBXFileReference; lastKnownFileType = sourcecode.swift; path = EventDetailViewController.swift; sourceTree = "<group>"; };
		5479962E288108540052565E /* EventTableViewCell.swift */ = {isa = PBXFileReference; lastKnownFileType = sourcecode.swift; path = EventTableViewCell.swift; sourceTree = "<group>"; };
		5479963128810C180052565E /* EventController.swift */ = {isa = PBXFileReference; lastKnownFileType = sourcecode.swift; path = EventController.swift; sourceTree = "<group>"; };
		547996332881E77E0052565E /* CoreDataStack.swift */ = {isa = PBXFileReference; lastKnownFileType = sourcecode.swift; path = CoreDataStack.swift; sourceTree = "<group>"; };
		547996362881E9EF0052565E /* Event + Convenience.swift */ = {isa = PBXFileReference; lastKnownFileType = sourcecode.swift; path = "Event + Convenience.swift"; sourceTree = "<group>"; };
/* End PBXFileReference section */

/* Begin PBXFrameworksBuildPhase section */
		5479960A2880D0A60052565E /* Frameworks */ = {
			isa = PBXFrameworksBuildPhase;
			buildActionMask = 2147483647;
			files = (
			);
			runOnlyForDeploymentPostprocessing = 0;
		};
/* End PBXFrameworksBuildPhase section */

/* Begin PBXGroup section */
		547996042880D0A60052565E = {
			isa = PBXGroup;
			children = (
				5479960F2880D0A60052565E /* EventManager */,
				5479960E2880D0A60052565E /* Products */,
			);
			sourceTree = "<group>";
		};
		5479960E2880D0A60052565E /* Products */ = {
			isa = PBXGroup;
			children = (
				5479960D2880D0A60052565E /* EventManager.app */,
			);
			name = Products;
			sourceTree = "<group>";
		};
		5479960F2880D0A60052565E /* EventManager */ = {
			isa = PBXGroup;
			children = (
				547996272880FBB80052565E /* Core Data */,
				54799630288108710052565E /* Custom Views */,
				547996292880FC0C0052565E /* View Controllers */,
				547996282880FBD70052565E /* Resources */,
				547996352881E7EA0052565E /* Model Controller */,
			);
			path = EventManager;
			sourceTree = "<group>";
		};
		547996272880FBB80052565E /* Core Data */ = {
			isa = PBXGroup;
			children = (
				547996192880D0A60052565E /* EventManager.xcdatamodeld */,
				547996332881E77E0052565E /* CoreDataStack.swift */,
				547996362881E9EF0052565E /* Event + Convenience.swift */,
			);
			path = "Core Data";
			sourceTree = "<group>";
		};
		547996282880FBD70052565E /* Resources */ = {
			isa = PBXGroup;
			children = (
				547996162880D0A60052565E /* Main.storyboard */,
				547996102880D0A60052565E /* AppDelegate.swift */,
				547996122880D0A60052565E /* SceneDelegate.swift */,
				5479961C2880D0A80052565E /* Assets.xcassets */,
				5479961E2880D0A80052565E /* LaunchScreen.storyboard */,
				547996212880D0A80052565E /* Info.plist */,
			);
			path = Resources;
			sourceTree = "<group>";
		};
		547996292880FC0C0052565E /* View Controllers */ = {
			isa = PBXGroup;
			children = (
				5479962A2881062D0052565E /* EventListViewController.swift */,
				5479962C288106440052565E /* EventDetailViewController.swift */,
			);
			path = "View Controllers";
			sourceTree = "<group>";
		};
		54799630288108710052565E /* Custom Views */ = {
			isa = PBXGroup;
			children = (
				5479962E288108540052565E /* EventTableViewCell.swift */,
			);
			path = "Custom Views";
			sourceTree = "<group>";
		};
		547996352881E7EA0052565E /* Model Controller */ = {
			isa = PBXGroup;
			children = (
				5479963128810C180052565E /* EventController.swift */,
			);
			path = "Model Controller";
			sourceTree = "<group>";
		};
/* End PBXGroup section */

/* Begin PBXNativeTarget section */
		5479960C2880D0A60052565E /* EventManager */ = {
			isa = PBXNativeTarget;
			buildConfigurationList = 547996242880D0A80052565E /* Build configuration list for PBXNativeTarget "EventManager" */;
			buildPhases = (
				547996092880D0A60052565E /* Sources */,
				5479960A2880D0A60052565E /* Frameworks */,
				5479960B2880D0A60052565E /* Resources */,
			);
			buildRules = (
			);
			dependencies = (
			);
			name = EventManager;
			productName = EventManager;
			productReference = 5479960D2880D0A60052565E /* EventManager.app */;
			productType = "com.apple.product-type.application";
		};
/* End PBXNativeTarget section */

/* Begin PBXProject section */
		547996052880D0A60052565E /* Project object */ = {
			isa = PBXProject;
			attributes = {
				BuildIndependentTargetsInParallel = 1;
				LastSwiftUpdateCheck = 1340;
				LastUpgradeCheck = 1340;
				TargetAttributes = {
					5479960C2880D0A60052565E = {
						CreatedOnToolsVersion = 13.4.1;
					};
				};
			};
			buildConfigurationList = 547996082880D0A60052565E /* Build configuration list for PBXProject "EventManager" */;
			compatibilityVersion = "Xcode 13.0";
			developmentRegion = en;
			hasScannedForEncodings = 0;
			knownRegions = (
				en,
				Base,
			);
			mainGroup = 547996042880D0A60052565E;
			productRefGroup = 5479960E2880D0A60052565E /* Products */;
			projectDirPath = "";
			projectRoot = "";
			targets = (
				5479960C2880D0A60052565E /* EventManager */,
			);
		};
/* End PBXProject section */

/* Begin PBXResourcesBuildPhase section */
		5479960B2880D0A60052565E /* Resources */ = {
			isa = PBXResourcesBuildPhase;
			buildActionMask = 2147483647;
			files = (
				547996202880D0A80052565E /* LaunchScreen.storyboard in Resources */,
				5479961D2880D0A80052565E /* Assets.xcassets in Resources */,
				547996182880D0A60052565E /* Main.storyboard in Resources */,
			);
			runOnlyForDeploymentPostprocessing = 0;
		};
/* End PBXResourcesBuildPhase section */

/* Begin PBXSourcesBuildPhase section */
		547996092880D0A60052565E /* Sources */ = {
			isa = PBXSourcesBuildPhase;
			buildActionMask = 2147483647;
			files = (
				5479962F288108540052565E /* EventTableViewCell.swift in Sources */,
				547996112880D0A60052565E /* AppDelegate.swift in Sources */,
				5479962D288106440052565E /* EventDetailViewController.swift in Sources */,
				5479962B2881062D0052565E /* EventListViewController.swift in Sources */,
				5479961B2880D0A60052565E /* EventManager.xcdatamodeld in Sources */,
				547996372881E9EF0052565E /* Event + Convenience.swift in Sources */,
				5479963228810C180052565E /* EventController.swift in Sources */,
				547996132880D0A60052565E /* SceneDelegate.swift in Sources */,
				547996342881E77E0052565E /* CoreDataStack.swift in Sources */,
			);
			runOnlyForDeploymentPostprocessing = 0;
		};
/* End PBXSourcesBuildPhase section */

/* Begin PBXVariantGroup section */
		547996162880D0A60052565E /* Main.storyboard */ = {
			isa = PBXVariantGroup;
			children = (
				547996172880D0A60052565E /* Base */,
			);
			name = Main.storyboard;
			sourceTree = "<group>";
		};
		5479961E2880D0A80052565E /* LaunchScreen.storyboard */ = {
			isa = PBXVariantGroup;
			children = (
				5479961F2880D0A80052565E /* Base */,
			);
			name = LaunchScreen.storyboard;
			sourceTree = "<group>";
		};
/* End PBXVariantGroup section */

/* Begin XCBuildConfiguration section */
		547996222880D0A80052565E /* Debug */ = {
			isa = XCBuildConfiguration;
			buildSettings = {
				ALWAYS_SEARCH_USER_PATHS = NO;
				CLANG_ANALYZER_NONNULL = YES;
				CLANG_ANALYZER_NUMBER_OBJECT_CONVERSION = YES_AGGRESSIVE;
				CLANG_CXX_LANGUAGE_STANDARD = "gnu++17";
				CLANG_ENABLE_MODULES = YES;
				CLANG_ENABLE_OBJC_ARC = YES;
				CLANG_ENABLE_OBJC_WEAK = YES;
				CLANG_WARN_BLOCK_CAPTURE_AUTORELEASING = YES;
				CLANG_WARN_BOOL_CONVERSION = YES;
				CLANG_WARN_COMMA = YES;
				CLANG_WARN_CONSTANT_CONVERSION = YES;
				CLANG_WARN_DEPRECATED_OBJC_IMPLEMENTATIONS = YES;
				CLANG_WARN_DIRECT_OBJC_ISA_USAGE = YES_ERROR;
				CLANG_WARN_DOCUMENTATION_COMMENTS = YES;
				CLANG_WARN_EMPTY_BODY = YES;
				CLANG_WARN_ENUM_CONVERSION = YES;
				CLANG_WARN_INFINITE_RECURSION = YES;
				CLANG_WARN_INT_CONVERSION = YES;
				CLANG_WARN_NON_LITERAL_NULL_CONVERSION = YES;
				CLANG_WARN_OBJC_IMPLICIT_RETAIN_SELF = YES;
				CLANG_WARN_OBJC_LITERAL_CONVERSION = YES;
				CLANG_WARN_OBJC_ROOT_CLASS = YES_ERROR;
				CLANG_WARN_QUOTED_INCLUDE_IN_FRAMEWORK_HEADER = YES;
				CLANG_WARN_RANGE_LOOP_ANALYSIS = YES;
				CLANG_WARN_STRICT_PROTOTYPES = YES;
				CLANG_WARN_SUSPICIOUS_MOVE = YES;
				CLANG_WARN_UNGUARDED_AVAILABILITY = YES_AGGRESSIVE;
				CLANG_WARN_UNREACHABLE_CODE = YES;
				CLANG_WARN__DUPLICATE_METHOD_MATCH = YES;
				COPY_PHASE_STRIP = NO;
				DEBUG_INFORMATION_FORMAT = dwarf;
				ENABLE_STRICT_OBJC_MSGSEND = YES;
				ENABLE_TESTABILITY = YES;
				GCC_C_LANGUAGE_STANDARD = gnu11;
				GCC_DYNAMIC_NO_PIC = NO;
				GCC_NO_COMMON_BLOCKS = YES;
				GCC_OPTIMIZATION_LEVEL = 0;
				GCC_PREPROCESSOR_DEFINITIONS = (
					"DEBUG=1",
					"$(inherited)",
				);
				GCC_WARN_64_TO_32_BIT_CONVERSION = YES;
				GCC_WARN_ABOUT_RETURN_TYPE = YES_ERROR;
				GCC_WARN_UNDECLARED_SELECTOR = YES;
				GCC_WARN_UNINITIALIZED_AUTOS = YES_AGGRESSIVE;
				GCC_WARN_UNUSED_FUNCTION = YES;
				GCC_WARN_UNUSED_VARIABLE = YES;
				IPHONEOS_DEPLOYMENT_TARGET = 15.5;
				MTL_ENABLE_DEBUG_INFO = INCLUDE_SOURCE;
				MTL_FAST_MATH = YES;
				ONLY_ACTIVE_ARCH = YES;
				SDKROOT = iphoneos;
				SWIFT_ACTIVE_COMPILATION_CONDITIONS = DEBUG;
				SWIFT_OPTIMIZATION_LEVEL = "-Onone";
			};
			name = Debug;
		};
		547996232880D0A80052565E /* Release */ = {
			isa = XCBuildConfiguration;
			buildSettings = {
				ALWAYS_SEARCH_USER_PATHS = NO;
				CLANG_ANALYZER_NONNULL = YES;
				CLANG_ANALYZER_NUMBER_OBJECT_CONVERSION = YES_AGGRESSIVE;
				CLANG_CXX_LANGUAGE_STANDARD = "gnu++17";
				CLANG_ENABLE_MODULES = YES;
				CLANG_ENABLE_OBJC_ARC = YES;
				CLANG_ENABLE_OBJC_WEAK = YES;
				CLANG_WARN_BLOCK_CAPTURE_AUTORELEASING = YES;
				CLANG_WARN_BOOL_CONVERSION = YES;
				CLANG_WARN_COMMA = YES;
				CLANG_WARN_CONSTANT_CONVERSION = YES;
				CLANG_WARN_DEPRECATED_OBJC_IMPLEMENTATIONS = YES;
				CLANG_WARN_DIRECT_OBJC_ISA_USAGE = YES_ERROR;
				CLANG_WARN_DOCUMENTATION_COMMENTS = YES;
				CLANG_WARN_EMPTY_BODY = YES;
				CLANG_WARN_ENUM_CONVERSION = YES;
				CLANG_WARN_INFINITE_RECURSION = YES;
				CLANG_WARN_INT_CONVERSION = YES;
				CLANG_WARN_NON_LITERAL_NULL_CONVERSION = YES;
				CLANG_WARN_OBJC_IMPLICIT_RETAIN_SELF = YES;
				CLANG_WARN_OBJC_LITERAL_CONVERSION = YES;
				CLANG_WARN_OBJC_ROOT_CLASS = YES_ERROR;
				CLANG_WARN_QUOTED_INCLUDE_IN_FRAMEWORK_HEADER = YES;
				CLANG_WARN_RANGE_LOOP_ANALYSIS = YES;
				CLANG_WARN_STRICT_PROTOTYPES = YES;
				CLANG_WARN_SUSPICIOUS_MOVE = YES;
				CLANG_WARN_UNGUARDED_AVAILABILITY = YES_AGGRESSIVE;
				CLANG_WARN_UNREACHABLE_CODE = YES;
				CLANG_WARN__DUPLICATE_METHOD_MATCH = YES;
				COPY_PHASE_STRIP = NO;
				DEBUG_INFORMATION_FORMAT = "dwarf-with-dsym";
				ENABLE_NS_ASSERTIONS = NO;
				ENABLE_STRICT_OBJC_MSGSEND = YES;
				GCC_C_LANGUAGE_STANDARD = gnu11;
				GCC_NO_COMMON_BLOCKS = YES;
				GCC_WARN_64_TO_32_BIT_CONVERSION = YES;
				GCC_WARN_ABOUT_RETURN_TYPE = YES_ERROR;
				GCC_WARN_UNDECLARED_SELECTOR = YES;
				GCC_WARN_UNINITIALIZED_AUTOS = YES_AGGRESSIVE;
				GCC_WARN_UNUSED_FUNCTION = YES;
				GCC_WARN_UNUSED_VARIABLE = YES;
				IPHONEOS_DEPLOYMENT_TARGET = 15.5;
				MTL_ENABLE_DEBUG_INFO = NO;
				MTL_FAST_MATH = YES;
				SDKROOT = iphoneos;
				SWIFT_COMPILATION_MODE = wholemodule;
				SWIFT_OPTIMIZATION_LEVEL = "-O";
				VALIDATE_PRODUCT = YES;
			};
			name = Release;
		};
		547996252880D0A80052565E /* Debug */ = {
			isa = XCBuildConfiguration;
			buildSettings = {
				ASSETCATALOG_COMPILER_APPICON_NAME = AppIcon;
				ASSETCATALOG_COMPILER_GLOBAL_ACCENT_COLOR_NAME = AccentColor;
				CODE_SIGN_STYLE = Automatic;
				CURRENT_PROJECT_VERSION = 1;
				DEVELOPMENT_TEAM = 28AG7A5468;
				GENERATE_INFOPLIST_FILE = YES;
				INFOPLIST_FILE = EventManager/Resources/Info.plist;
				INFOPLIST_KEY_UIApplicationSupportsIndirectInputEvents = YES;
				INFOPLIST_KEY_UILaunchStoryboardName = LaunchScreen;
				INFOPLIST_KEY_UIMainStoryboardFile = Main;
				INFOPLIST_KEY_UISupportedInterfaceOrientations_iPad = "UIInterfaceOrientationPortrait UIInterfaceOrientationPortraitUpsideDown UIInterfaceOrientationLandscapeLeft UIInterfaceOrientationLandscapeRight";
				INFOPLIST_KEY_UISupportedInterfaceOrientations_iPhone = "UIInterfaceOrientationPortrait UIInterfaceOrientationLandscapeLeft UIInterfaceOrientationLandscapeRight";
				LD_RUNPATH_SEARCH_PATHS = (
					"$(inherited)",
					"@executable_path/Frameworks",
				);
				MARKETING_VERSION = 1.0;
				PRODUCT_BUNDLE_IDENTIFIER = com.marinabasaeva.EventManager;
				PRODUCT_NAME = "$(TARGET_NAME)";
				SWIFT_EMIT_LOC_STRINGS = YES;
				SWIFT_VERSION = 5.0;
				TARGETED_DEVICE_FAMILY = "1,2";
			};
			name = Debug;
		};
		547996262880D0A80052565E /* Release */ = {
			isa = XCBuildConfiguration;
			buildSettings = {
				ASSETCATALOG_COMPILER_APPICON_NAME = AppIcon;
				ASSETCATALOG_COMPILER_GLOBAL_ACCENT_COLOR_NAME = AccentColor;
				CODE_SIGN_STYLE = Automatic;
				CURRENT_PROJECT_VERSION = 1;
				DEVELOPMENT_TEAM = 28AG7A5468;
				GENERATE_INFOPLIST_FILE = YES;
				INFOPLIST_FILE = EventManager/Resources/Info.plist;
				INFOPLIST_KEY_UIApplicationSupportsIndirectInputEvents = YES;
				INFOPLIST_KEY_UILaunchStoryboardName = LaunchScreen;
				INFOPLIST_KEY_UIMainStoryboardFile = Main;
				INFOPLIST_KEY_UISupportedInterfaceOrientations_iPad = "UIInterfaceOrientationPortrait UIInterfaceOrientationPortraitUpsideDown UIInterfaceOrientationLandscapeLeft UIInterfaceOrientationLandscapeRight";
				INFOPLIST_KEY_UISupportedInterfaceOrientations_iPhone = "UIInterfaceOrientationPortrait UIInterfaceOrientationLandscapeLeft UIInterfaceOrientationLandscapeRight";
				LD_RUNPATH_SEARCH_PATHS = (
					"$(inherited)",
					"@executable_path/Frameworks",
				);
				MARKETING_VERSION = 1.0;
				PRODUCT_BUNDLE_IDENTIFIER = com.marinabasaeva.EventManager;
				PRODUCT_NAME = "$(TARGET_NAME)";
				SWIFT_EMIT_LOC_STRINGS = YES;
				SWIFT_VERSION = 5.0;
				TARGETED_DEVICE_FAMILY = "1,2";
			};
			name = Release;
		};
/* End XCBuildConfiguration section */

/* Begin XCConfigurationList section */
		547996082880D0A60052565E /* Build configuration list for PBXProject "EventManager" */ = {
			isa = XCConfigurationList;
			buildConfigurations = (
				547996222880D0A80052565E /* Debug */,
				547996232880D0A80052565E /* Release */,
			);
			defaultConfigurationIsVisible = 0;
			defaultConfigurationName = Release;
		};
		547996242880D0A80052565E /* Build configuration list for PBXNativeTarget "EventManager" */ = {
			isa = XCConfigurationList;
			buildConfigurations = (
				547996252880D0A80052565E /* Debug */,
				547996262880D0A80052565E /* Release */,
			);
			defaultConfigurationIsVisible = 0;
			defaultConfigurationName = Release;
		};
/* End XCConfigurationList section */

/* Begin XCVersionGroup section */
		547996192880D0A60052565E /* EventManager.xcdatamodeld */ = {
			isa = XCVersionGroup;
			children = (
				5479961A2880D0A60052565E /* EventManager.xcdatamodel */,
			);
			currentVersion = 5479961A2880D0A60052565E /* EventManager.xcdatamodel */;
			path = EventManager.xcdatamodeld;
			sourceTree = "<group>";
			versionGroupType = wrapper.xcdatamodel;
		};
/* End XCVersionGroup section */
	};
	rootObject = 547996052880D0A60052565E /* Project object */;
}
